
Microsoft Visual Studio Solution File, Format Version 11.00
# Visual Studio 2010
Project("{FAE04EC0-301F-11D3-BF4B-00C04F79EFBC}") = "JnyMenuWebApplication1", "JnyMenuWebApplication1\JnyMenuWebApplication1.csproj", "{BDFA907F-7EDB-4529-A09C-8BF1AFD8F7CF}"
EndProject
Global
	GlobalSection(SolutionConfigurationPlatforms) = preSolution
		Debug|Any CPU = Debug|Any CPU
		Release|Any CPU = Release|Any CPU
	EndGlobalSection
	GlobalSection(ProjectConfigurationPlatforms) = postSolution
		{BDFA907F-7EDB-4529-A09C-8BF1AFD8F7CF}.Debug|Any CPU.ActiveCfg = Debug|Any CPU
		{BDFA907F-7EDB-4529-A09C-8BF1AFD8F7CF}.Debug|Any CPU.Build.0 = Debug|Any CPU
		{BDFA907F-7EDB-4529-A09C-8BF1AFD8F7CF}.Release|Any CPU.ActiveCfg = Release|Any CPU
		{BDFA907F-7EDB-4529-A09C-8BF1AFD8F7CF}.Release|Any CPU.Build.0 = Release|Any CPU
	EndGlobalSection
	GlobalSection(SolutionProperties) = preSolution
		HideSolutionNode = FALSE
	EndGlobalSection
EndGlobal
